
Microsoft Visual Studio Solution File, Format Version 12.00
# Visual Studio 15
VisualStudioVersion = 15.0.28306.52
MinimumVisualStudioVersion = 10.0.40219.1
Project("{FAE04EC0-301F-11D3-BF4B-00C04F79EFBC}") = "Api", "Api\Api.csproj", "{09D3FE88-A557-406E-BB7A-17B68DE9479C}"
EndProject
Global
	GlobalSection(SolutionConfigurationPlatforms) = preSolution
		Debug|Any CPU = Debug|Any CPU
		Release|Any CPU = Release|Any CPU
	EndGlobalSection
	GlobalSection(ProjectConfigurationPlatforms) = postSolution
		{09D3FE88-A557-406E-BB7A-17B68DE9479C}.Debug|Any CPU.ActiveCfg = Debug|Any CPU
		{09D3FE88-A557-406E-BB7A-17B68DE9479C}.Debug|Any CPU.Build.0 = Debug|Any CPU
		{09D3FE88-A557-406E-BB7A-17B68DE9479C}.Release|Any CPU.ActiveCfg = Release|Any CPU
		{09D3FE88-A557-406E-BB7A-17B68DE9479C}.Release|Any CPU.Build.0 = Release|Any CPU
	EndGlobalSection
	GlobalSection(SolutionProperties) = preSolution
		HideSolutionNode = FALSE
	EndGlobalSection
	GlobalSection(ExtensibilityGlobals) = postSolution
		SolutionGuid = {ED8BB4F3-5080-4356-9930-C9A344DC3CBC}
	EndGlobalSection
EndGlobal
